// !$*UTF8*$!
{
	archiveVersion = 1;
	classes = {
	};
	objectVersion = 50;
	objects = {

/* Begin PBXBuildFile section */
		1F1A4C7822176AE900CFA66D /* TopStories.swift in Sources */ = {isa = PBXBuildFile; fileRef = 1F1A4C7722176AE900CFA66D /* TopStories.swift */; };
		1F1A4C7A22176C1100CFA66D /* DatabaseManager.swift in Sources */ = {isa = PBXBuildFile; fileRef = 1F1A4C7922176C1100CFA66D /* DatabaseManager.swift */; };
		1F1A4C7D22176F0300CFA66D /* Item.swift in Sources */ = {isa = PBXBuildFile; fileRef = 1F1A4C7C22176F0300CFA66D /* Item.swift */; };
		1F1A4C8122179A4100CFA66D /* StoryDetailViewController.swift in Sources */ = {isa = PBXBuildFile; fileRef = 1F1A4C8022179A4100CFA66D /* StoryDetailViewController.swift */; };
		1F25E66B2203E90000F78B45 /* AppDelegate.swift in Sources */ = {isa = PBXBuildFile; fileRef = 1F25E66A2203E90000F78B45 /* AppDelegate.swift */; };
		1F25E66D2203E90000F78B45 /* MainStoriesViewController.swift in Sources */ = {isa = PBXBuildFile; fileRef = 1F25E66C2203E90000F78B45 /* MainStoriesViewController.swift */; };
		1F25E6702203E90000F78B45 /* Main.storyboard in Resources */ = {isa = PBXBuildFile; fileRef = 1F25E66E2203E90000F78B45 /* Main.storyboard */; };
		1F25E6722203E90100F78B45 /* Assets.xcassets in Resources */ = {isa = PBXBuildFile; fileRef = 1F25E6712203E90100F78B45 /* Assets.xcassets */; };
		1F25E6752203E90100F78B45 /* LaunchScreen.storyboard in Resources */ = {isa = PBXBuildFile; fileRef = 1F25E6732203E90100F78B45 /* LaunchScreen.storyboard */; };
		1F25E6802203E95B00F78B45 /* HackerNewsAPI.swift in Sources */ = {isa = PBXBuildFile; fileRef = 1F25E67F2203E95B00F78B45 /* HackerNewsAPI.swift */; };
		1F25E6822203EEC500F78B45 /* ItemResponse.swift in Sources */ = {isa = PBXBuildFile; fileRef = 1F25E6812203EEC500F78B45 /* ItemResponse.swift */; };
		D3349E6192EEC8727117A04A /* Pods_Hacker_Time.framework in Frameworks */ = {isa = PBXBuildFile; fileRef = E6B7211C40426668E2397E73 /* Pods_Hacker_Time.framework */; };
/* End PBXBuildFile section */

/* Begin PBXFileReference section */
		1F1A4C7722176AE900CFA66D /* TopStories.swift */ = {isa = PBXFileReference; lastKnownFileType = sourcecode.swift; path = TopStories.swift; sourceTree = "<group>"; };
		1F1A4C7922176C1100CFA66D /* DatabaseManager.swift */ = {isa = PBXFileReference; lastKnownFileType = sourcecode.swift; path = DatabaseManager.swift; sourceTree = "<group>"; };
		1F1A4C7C22176F0300CFA66D /* Item.swift */ = {isa = PBXFileReference; lastKnownFileType = sourcecode.swift; path = Item.swift; sourceTree = "<group>"; };
		1F1A4C8022179A4100CFA66D /* StoryDetailViewController.swift */ = {isa = PBXFileReference; lastKnownFileType = sourcecode.swift; path = StoryDetailViewController.swift; sourceTree = "<group>"; };
		1F25E6672203E90000F78B45 /* Hacker Time.app */ = {isa = PBXFileReference; explicitFileType = wrapper.application; includeInIndex = 0; path = "Hacker Time.app"; sourceTree = BUILT_PRODUCTS_DIR; };
		1F25E66A2203E90000F78B45 /* AppDelegate.swift */ = {isa = PBXFileReference; lastKnownFileType = sourcecode.swift; path = AppDelegate.swift; sourceTree = "<group>"; };
		1F25E66C2203E90000F78B45 /* MainStoriesViewController.swift */ = {isa = PBXFileReference; lastKnownFileType = sourcecode.swift; path = MainStoriesViewController.swift; sourceTree = "<group>"; };
		1F25E66F2203E90000F78B45 /* Base */ = {isa = PBXFileReference; lastKnownFileType = file.storyboard; name = Base; path = Base.lproj/Main.storyboard; sourceTree = "<group>"; };
		1F25E6712203E90100F78B45 /* Assets.xcassets */ = {isa = PBXFileReference; lastKnownFileType = folder.assetcatalog; path = Assets.xcassets; sourceTree = "<group>"; };
		1F25E6742203E90100F78B45 /* Base */ = {isa = PBXFileReference; lastKnownFileType = file.storyboard; name = Base; path = Base.lproj/LaunchScreen.storyboard; sourceTree = "<group>"; };
		1F25E6762203E90100F78B45 /* Info.plist */ = {isa = PBXFileReference; lastKnownFileType = text.plist.xml; path = Info.plist; sourceTree = "<group>"; };
		1F25E67F2203E95B00F78B45 /* HackerNewsAPI.swift */ = {isa = PBXFileReference; lastKnownFileType = sourcecode.swift; path = HackerNewsAPI.swift; sourceTree = "<group>"; };
		1F25E6812203EEC500F78B45 /* ItemResponse.swift */ = {isa = PBXFileReference; lastKnownFileType = sourcecode.swift; path = ItemResponse.swift; sourceTree = "<group>"; };
		719CA25452360EDA15449E78 /* Pods-Hacker Time.debug.xcconfig */ = {isa = PBXFileReference; includeInIndex = 1; lastKnownFileType = text.xcconfig; name = "Pods-Hacker Time.debug.xcconfig"; path = "Target Support Files/Pods-Hacker Time/Pods-Hacker Time.debug.xcconfig"; sourceTree = "<group>"; };
		E6B7211C40426668E2397E73 /* Pods_Hacker_Time.framework */ = {isa = PBXFileReference; explicitFileType = wrapper.framework; includeInIndex = 0; path = Pods_Hacker_Time.framework; sourceTree = BUILT_PRODUCTS_DIR; };
		F48A43C33AAE1A8389D725AE /* Pods-Hacker Time.release.xcconfig */ = {isa = PBXFileReference; includeInIndex = 1; lastKnownFileType = text.xcconfig; name = "Pods-Hacker Time.release.xcconfig"; path = "Target Support Files/Pods-Hacker Time/Pods-Hacker Time.release.xcconfig"; sourceTree = "<group>"; };
/* End PBXFileReference section */

/* Begin PBXFrameworksBuildPhase section */
		1F25E6642203E90000F78B45 /* Frameworks */ = {
			isa = PBXFrameworksBuildPhase;
			buildActionMask = 2147483647;
			files = (
				D3349E6192EEC8727117A04A /* Pods_Hacker_Time.framework in Frameworks */,
			);
			runOnlyForDeploymentPostprocessing = 0;
		};
/* End PBXFrameworksBuildPhase section */

/* Begin PBXGroup section */
		1F1A4C7B22176EDB00CFA66D /* Realm */ = {
			isa = PBXGroup;
			children = (
				1F1A4C7722176AE900CFA66D /* TopStories.swift */,
				1F1A4C7922176C1100CFA66D /* DatabaseManager.swift */,
				1F1A4C7C22176F0300CFA66D /* Item.swift */,
			);
			path = Realm;
			sourceTree = "<group>";
		};
		1F25E65E2203E90000F78B45 = {
			isa = PBXGroup;
			children = (
				1F25E6692203E90000F78B45 /* Hacker Time */,
				1F25E6682203E90000F78B45 /* Products */,
				57F0050581636108B4E0A1D2 /* Pods */,
				D63B03A63DAD4122E7AD24A7 /* Frameworks */,
			);
			sourceTree = "<group>";
		};
		1F25E6682203E90000F78B45 /* Products */ = {
			isa = PBXGroup;
			children = (
				1F25E6672203E90000F78B45 /* Hacker Time.app */,
			);
			name = Products;
			sourceTree = "<group>";
		};
		1F25E6692203E90000F78B45 /* Hacker Time */ = {
			isa = PBXGroup;
			children = (
				1F25E67C2203E92000F78B45 /* Model */,
				1F25E67D2203E92D00F78B45 /* View */,
				1F25E67E2203E94200F78B45 /* Controller */,
				1F25E66A2203E90000F78B45 /* AppDelegate.swift */,
				1F25E6762203E90100F78B45 /* Info.plist */,
			);
			path = "Hacker Time";
			sourceTree = "<group>";
		};
		1F25E67C2203E92000F78B45 /* Model */ = {
			isa = PBXGroup;
			children = (
				1F1A4C7B22176EDB00CFA66D /* Realm */,
				1F25E67F2203E95B00F78B45 /* HackerNewsAPI.swift */,
				1F25E6812203EEC500F78B45 /* ItemResponse.swift */,
			);
			path = Model;
			sourceTree = "<group>";
		};
		1F25E67D2203E92D00F78B45 /* View */ = {
			isa = PBXGroup;
			children = (
				1F25E66E2203E90000F78B45 /* Main.storyboard */,
				1F25E6712203E90100F78B45 /* Assets.xcassets */,
				1F25E6732203E90100F78B45 /* LaunchScreen.storyboard */,
			);
			path = View;
			sourceTree = "<group>";
		};
		1F25E67E2203E94200F78B45 /* Controller */ = {
			isa = PBXGroup;
			children = (
				1F25E66C2203E90000F78B45 /* MainStoriesViewController.swift */,
				1F1A4C8022179A4100CFA66D /* StoryDetailViewController.swift */,
			);
			path = Controller;
			sourceTree = "<group>";
		};
		57F0050581636108B4E0A1D2 /* Pods */ = {
			isa = PBXGroup;
			children = (
				719CA25452360EDA15449E78 /* Pods-Hacker Time.debug.xcconfig */,
				F48A43C33AAE1A8389D725AE /* Pods-Hacker Time.release.xcconfig */,
			);
			path = Pods;
			sourceTree = "<group>";
		};
		D63B03A63DAD4122E7AD24A7 /* Frameworks */ = {
			isa = PBXGroup;
			children = (
				E6B7211C40426668E2397E73 /* Pods_Hacker_Time.framework */,
			);
			name = Frameworks;
			sourceTree = "<group>";
		};
/* End PBXGroup section */

/* Begin PBXNativeTarget section */
		1F25E6662203E90000F78B45 /* Hacker Time */ = {
			isa = PBXNativeTarget;
			buildConfigurationList = 1F25E6792203E90100F78B45 /* Build configuration list for PBXNativeTarget "Hacker Time" */;
			buildPhases = (
				6CB584B77B4BAAE4C13C6C4B /* [CP] Check Pods Manifest.lock */,
				1F25E6632203E90000F78B45 /* Sources */,
				1F25E6642203E90000F78B45 /* Frameworks */,
				1F25E6652203E90000F78B45 /* Resources */,
				F6441D4E14C1E24AE17DF5E3 /* [CP] Embed Pods Frameworks */,
			);
			buildRules = (
			);
			dependencies = (
			);
			name = "Hacker Time";
			productName = "Hacker Time";
			productReference = 1F25E6672203E90000F78B45 /* Hacker Time.app */;
			productType = "com.apple.product-type.application";
		};
/* End PBXNativeTarget section */

/* Begin PBXProject section */
		1F25E65F2203E90000F78B45 /* Project object */ = {
			isa = PBXProject;
			attributes = {
				LastSwiftUpdateCheck = 1010;
				LastUpgradeCheck = 1010;
				ORGANIZATIONNAME = "Travis Baker";
				TargetAttributes = {
					1F25E6662203E90000F78B45 = {
						CreatedOnToolsVersion = 10.1;
					};
				};
			};
			buildConfigurationList = 1F25E6622203E90000F78B45 /* Build configuration list for PBXProject "Hacker Time" */;
			compatibilityVersion = "Xcode 9.3";
			developmentRegion = en;
			hasScannedForEncodings = 0;
			knownRegions = (
				en,
				Base,
			);
			mainGroup = 1F25E65E2203E90000F78B45;
			productRefGroup = 1F25E6682203E90000F78B45 /* Products */;
			projectDirPath = "";
			projectRoot = "";
			targets = (
				1F25E6662203E90000F78B45 /* Hacker Time */,
			);
		};
/* End PBXProject section */

/* Begin PBXResourcesBuildPhase section */
		1F25E6652203E90000F78B45 /* Resources */ = {
			isa = PBXResourcesBuildPhase;
			buildActionMask = 2147483647;
			files = (
				1F25E6752203E90100F78B45 /* LaunchScreen.storyboard in Resources */,
				1F25E6722203E90100F78B45 /* Assets.xcassets in Resources */,
				1F25E6702203E90000F78B45 /* Main.storyboard in Resources */,
			);
			runOnlyForDeploymentPostprocessing = 0;
		};
/* End PBXResourcesBuildPhase section */

/* Begin PBXShellScriptBuildPhase section */
		6CB584B77B4BAAE4C13C6C4B /* [CP] Check Pods Manifest.lock */ = {
			isa = PBXShellScriptBuildPhase;
			buildActionMask = 2147483647;
			files = (
			);
			inputFileListPaths = (
			);
			inputPaths = (
				"${PODS_PODFILE_DIR_PATH}/Podfile.lock",
				"${PODS_ROOT}/Manifest.lock",
			);
			name = "[CP] Check Pods Manifest.lock";
			outputFileListPaths = (
			);
			outputPaths = (
				"$(DERIVED_FILE_DIR)/Pods-Hacker Time-checkManifestLockResult.txt",
			);
			runOnlyForDeploymentPostprocessing = 0;
			shellPath = /bin/sh;
			shellScript = "diff \"${PODS_PODFILE_DIR_PATH}/Podfile.lock\" \"${PODS_ROOT}/Manifest.lock\" > /dev/null\nif [ $? != 0 ] ; then\n    # print error to STDERR\n    echo \"error: The sandbox is not in sync with the Podfile.lock. Run 'pod install' or update your CocoaPods installation.\" >&2\n    exit 1\nfi\n# This output is used by Xcode 'outputs' to avoid re-running this script phase.\necho \"SUCCESS\" > \"${SCRIPT_OUTPUT_FILE_0}\"\n";
			showEnvVarsInLog = 0;
		};
		F6441D4E14C1E24AE17DF5E3 /* [CP] Embed Pods Frameworks */ = {
			isa = PBXShellScriptBuildPhase;
			buildActionMask = 2147483647;
			files = (
			);
			inputFileListPaths = (
			);
			inputPaths = (
				"${PODS_ROOT}/Target Support Files/Pods-Hacker Time/Pods-Hacker Time-frameworks.sh",
				"${BUILT_PRODUCTS_DIR}/NVActivityIndicatorView/NVActivityIndicatorView.framework",
				"${BUILT_PRODUCTS_DIR}/Realm/Realm.framework",
				"${BUILT_PRODUCTS_DIR}/RealmSwift/RealmSwift.framework",
			);
			name = "[CP] Embed Pods Frameworks";
			outputFileListPaths = (
			);
			outputPaths = (
				"${TARGET_BUILD_DIR}/${FRAMEWORKS_FOLDER_PATH}/NVActivityIndicatorView.framework",
				"${TARGET_BUILD_DIR}/${FRAMEWORKS_FOLDER_PATH}/Realm.framework",
				"${TARGET_BUILD_DIR}/${FRAMEWORKS_FOLDER_PATH}/RealmSwift.framework",
			);
			runOnlyForDeploymentPostprocessing = 0;
			shellPath = /bin/sh;
			shellScript = "\"${PODS_ROOT}/Target Support Files/Pods-Hacker Time/Pods-Hacker Time-frameworks.sh\"\n";
			showEnvVarsInLog = 0;
		};
/* End PBXShellScriptBuildPhase section */

/* Begin PBXSourcesBuildPhase section */
		1F25E6632203E90000F78B45 /* Sources */ = {
			isa = PBXSourcesBuildPhase;
			buildActionMask = 2147483647;
			files = (
				1F1A4C8122179A4100CFA66D /* StoryDetailViewController.swift in Sources */,
				1F25E6822203EEC500F78B45 /* ItemResponse.swift in Sources */,
				1F25E66D2203E90000F78B45 /* MainStoriesViewController.swift in Sources */,
				1F1A4C7822176AE900CFA66D /* TopStories.swift in Sources */,
				1F1A4C7D22176F0300CFA66D /* Item.swift in Sources */,
				1F25E66B2203E90000F78B45 /* AppDelegate.swift in Sources */,
				1F25E6802203E95B00F78B45 /* HackerNewsAPI.swift in Sources */,
				1F1A4C7A22176C1100CFA66D /* DatabaseManager.swift in Sources */,
			);
			runOnlyForDeploymentPostprocessing = 0;
		};
/* End PBXSourcesBuildPhase section */

/* Begin PBXVariantGroup section */
		1F25E66E2203E90000F78B45 /* Main.storyboard */ = {
			isa = PBXVariantGroup;
			children = (
				1F25E66F2203E90000F78B45 /* Base */,
			);
			name = Main.storyboard;
			sourceTree = "<group>";
		};
		1F25E6732203E90100F78B45 /* LaunchScreen.storyboard */ = {
			isa = PBXVariantGroup;
			children = (
				1F25E6742203E90100F78B45 /* Base */,
			);
			name = LaunchScreen.storyboard;
			sourceTree = "<group>";
		};
/* End PBXVariantGroup section */

/* Begin XCBuildConfiguration section */
		1F25E6772203E90100F78B45 /* Debug */ = {
			isa = XCBuildConfiguration;
			buildSettings = {
				ALWAYS_SEARCH_USER_PATHS = NO;
				CLANG_ANALYZER_NONNULL = YES;
				CLANG_ANALYZER_NUMBER_OBJECT_CONVERSION = YES_AGGRESSIVE;
				CLANG_CXX_LANGUAGE_STANDARD = "gnu++14";
				CLANG_CXX_LIBRARY = "libc++";
				CLANG_ENABLE_MODULES = YES;
				CLANG_ENABLE_OBJC_ARC = YES;
				CLANG_ENABLE_OBJC_WEAK = YES;
				CLANG_WARN_BLOCK_CAPTURE_AUTORELEASING = YES;
				CLANG_WARN_BOOL_CONVERSION = YES;
				CLANG_WARN_COMMA = YES;
				CLANG_WARN_CONSTANT_CONVERSION = YES;
				CLANG_WARN_DEPRECATED_OBJC_IMPLEMENTATIONS = YES;
				CLANG_WARN_DIRECT_OBJC_ISA_USAGE = YES_ERROR;
				CLANG_WARN_DOCUMENTATION_COMMENTS = YES;
				CLANG_WARN_EMPTY_BODY = YES;
				CLANG_WARN_ENUM_CONVERSION = YES;
				CLANG_WARN_INFINITE_RECURSION = YES;
				CLANG_WARN_INT_CONVERSION = YES;
				CLANG_WARN_NON_LITERAL_NULL_CONVERSION = YES;
				CLANG_WARN_OBJC_IMPLICIT_RETAIN_SELF = YES;
				CLANG_WARN_OBJC_LITERAL_CONVERSION = YES;
				CLANG_WARN_OBJC_ROOT_CLASS = YES_ERROR;
				CLANG_WARN_RANGE_LOOP_ANALYSIS = YES;
				CLANG_WARN_STRICT_PROTOTYPES = YES;
				CLANG_WARN_SUSPICIOUS_MOVE = YES;
				CLANG_WARN_UNGUARDED_AVAILABILITY = YES_AGGRESSIVE;
				CLANG_WARN_UNREACHABLE_CODE = YES;
				CLANG_WARN__DUPLICATE_METHOD_MATCH = YES;
				CODE_SIGN_IDENTITY = "iPhone Developer";
				COPY_PHASE_STRIP = NO;
				DEBUG_INFORMATION_FORMAT = dwarf;
				ENABLE_STRICT_OBJC_MSGSEND = YES;
				ENABLE_TESTABILITY = YES;
				GCC_C_LANGUAGE_STANDARD = gnu11;
				GCC_DYNAMIC_NO_PIC = NO;
				GCC_NO_COMMON_BLOCKS = YES;
				GCC_OPTIMIZATION_LEVEL = 0;
				GCC_PREPROCESSOR_DEFINITIONS = (
					"DEBUG=1",
					"$(inherited)",
				);
				GCC_WARN_64_TO_32_BIT_CONVERSION = YES;
				GCC_WARN_ABOUT_RETURN_TYPE = YES_ERROR;
				GCC_WARN_UNDECLARED_SELECTOR = YES;
				GCC_WARN_UNINITIALIZED_AUTOS = YES_AGGRESSIVE;
				GCC_WARN_UNUSED_FUNCTION = YES;
				GCC_WARN_UNUSED_VARIABLE = YES;
				IPHONEOS_DEPLOYMENT_TARGET = 12.1;
				MTL_ENABLE_DEBUG_INFO = INCLUDE_SOURCE;
				MTL_FAST_MATH = YES;
				ONLY_ACTIVE_ARCH = YES;
				SDKROOT = iphoneos;
				SWIFT_ACTIVE_COMPILATION_CONDITIONS = DEBUG;
				SWIFT_OPTIMIZATION_LEVEL = "-Onone";
			};
			name = Debug;
		};
		1F25E6782203E90100F78B45 /* Release */ = {
			isa = XCBuildConfiguration;
			buildSettings = {
				ALWAYS_SEARCH_USER_PATHS = NO;
				CLANG_ANALYZER_NONNULL = YES;
				CLANG_ANALYZER_NUMBER_OBJECT_CONVERSION = YES_AGGRESSIVE;
				CLANG_CXX_LANGUAGE_STANDARD = "gnu++14";
				CLANG_CXX_LIBRARY = "libc++";
				CLANG_ENABLE_MODULES = YES;
				CLANG_ENABLE_OBJC_ARC = YES;
				CLANG_ENABLE_OBJC_WEAK = YES;
				CLANG_WARN_BLOCK_CAPTURE_AUTORELEASING = YES;
				CLANG_WARN_BOOL_CONVERSION = YES;
				CLANG_WARN_COMMA = YES;
				CLANG_WARN_CONSTANT_CONVERSION = YES;
				CLANG_WARN_DEPRECATED_OBJC_IMPLEMENTATIONS = YES;
				CLANG_WARN_DIRECT_OBJC_ISA_USAGE = YES_ERROR;
				CLANG_WARN_DOCUMENTATION_COMMENTS = YES;
				CLANG_WARN_EMPTY_BODY = YES;
				CLANG_WARN_ENUM_CONVERSION = YES;
				CLANG_WARN_INFINITE_RECURSION = YES;
				CLANG_WARN_INT_CONVERSION = YES;
				CLANG_WARN_NON_LITERAL_NULL_CONVERSION = YES;
				CLANG_WARN_OBJC_IMPLICIT_RETAIN_SELF = YES;
				CLANG_WARN_OBJC_LITERAL_CONVERSION = YES;
				CLANG_WARN_OBJC_ROOT_CLASS = YES_ERROR;
				CLANG_WARN_RANGE_LOOP_ANALYSIS = YES;
				CLANG_WARN_STRICT_PROTOTYPES = YES;
				CLANG_WARN_SUSPICIOUS_MOVE = YES;
				CLANG_WARN_UNGUARDED_AVAILABILITY = YES_AGGRESSIVE;
				CLANG_WARN_UNREACHABLE_CODE = YES;
				CLANG_WARN__DUPLICATE_METHOD_MATCH = YES;
				CODE_SIGN_IDENTITY = "iPhone Developer";
				COPY_PHASE_STRIP = NO;
				DEBUG_INFORMATION_FORMAT = "dwarf-with-dsym";
				ENABLE_NS_ASSERTIONS = NO;
				ENABLE_STRICT_OBJC_MSGSEND = YES;
				GCC_C_LANGUAGE_STANDARD = gnu11;
				GCC_NO_COMMON_BLOCKS = YES;
				GCC_WARN_64_TO_32_BIT_CONVERSION = YES;
				GCC_WARN_ABOUT_RETURN_TYPE = YES_ERROR;
				GCC_WARN_UNDECLARED_SELECTOR = YES;
				GCC_WARN_UNINITIALIZED_AUTOS = YES_AGGRESSIVE;
				GCC_WARN_UNUSED_FUNCTION = YES;
				GCC_WARN_UNUSED_VARIABLE = YES;
				IPHONEOS_DEPLOYMENT_TARGET = 12.1;
				MTL_ENABLE_DEBUG_INFO = NO;
				MTL_FAST_MATH = YES;
				SDKROOT = iphoneos;
				SWIFT_COMPILATION_MODE = wholemodule;
				SWIFT_OPTIMIZATION_LEVEL = "-O";
				VALIDATE_PRODUCT = YES;
			};
			name = Release;
		};
		1F25E67A2203E90100F78B45 /* Debug */ = {
			isa = XCBuildConfiguration;
			baseConfigurationReference = 719CA25452360EDA15449E78 /* Pods-Hacker Time.debug.xcconfig */;
			buildSettings = {
				ASSETCATALOG_COMPILER_APPICON_NAME = AppIcon;
				CODE_SIGN_STYLE = Automatic;
				DEVELOPMENT_TEAM = 9LL4N5ZYB4;
				INFOPLIST_FILE = "Hacker Time/Info.plist";
				LD_RUNPATH_SEARCH_PATHS = (
					"$(inherited)",
					"@executable_path/Frameworks",
				);
				PRODUCT_BUNDLE_IDENTIFIER = "com.bakercreations.Hacker-Time";
				PRODUCT_NAME = "$(TARGET_NAME)";
				SWIFT_VERSION = 4.2;
				TARGETED_DEVICE_FAMILY = "1,2";
			};
			name = Debug;
		};
		1F25E67B2203E90100F78B45 /* Release */ = {
			isa = XCBuildConfiguration;
			baseConfigurationReference = F48A43C33AAE1A8389D725AE /* Pods-Hacker Time.release.xcconfig */;
			buildSettings = {
				ASSETCATALOG_COMPILER_APPICON_NAME = AppIcon;
				CODE_SIGN_STYLE = Automatic;
				DEVELOPMENT_TEAM = 9LL4N5ZYB4;
				INFOPLIST_FILE = "Hacker Time/Info.plist";
				LD_RUNPATH_SEARCH_PATHS = (
					"$(inherited)",
					"@executable_path/Frameworks",
				);
				PRODUCT_BUNDLE_IDENTIFIER = "com.bakercreations.Hacker-Time";
				PRODUCT_NAME = "$(TARGET_NAME)";
				SWIFT_VERSION = 4.2;
				TARGETED_DEVICE_FAMILY = "1,2";
			};
			name = Release;
		};
/* End XCBuildConfiguration section */

/* Begin XCConfigurationList section */
		1F25E6622203E90000F78B45 /* Build configuration list for PBXProject "Hacker Time" */ = {
			isa = XCConfigurationList;
			buildConfigurations = (
				1F25E6772203E90100F78B45 /* Debug */,
				1F25E6782203E90100F78B45 /* Release */,
			);
			defaultConfigurationIsVisible = 0;
			defaultConfigurationName = Release;
		};
		1F25E6792203E90100F78B45 /* Build configuration list for PBXNativeTarget "Hacker Time" */ = {
			isa = XCConfigurationList;
			buildConfigurations = (
				1F25E67A2203E90100F78B45 /* Debug */,
				1F25E67B2203E90100F78B45 /* Release */,
			);
			defaultConfigurationIsVisible = 0;
			defaultConfigurationName = Release;
		};
/* End XCConfigurationList section */
	};
	rootObject = 1F25E65F2203E90000F78B45 /* Project object */;
}
